// !$*UTF8*$!
{
	archiveVersion = 1;
	classes = {
	};
	objectVersion = 46;
	objects = {

/* Begin PBXBuildFile section */
		48E6BD001A3A5D2F00F3A983 /* AppDelegate.swift in Sources */ = {isa = PBXBuildFile; fileRef = 48E6BCFF1A3A5D2F00F3A983 /* AppDelegate.swift */; };
		48E6BD021A3A5D2F00F3A983 /* ViewController.swift in Sources */ = {isa = PBXBuildFile; fileRef = 48E6BD011A3A5D2F00F3A983 /* ViewController.swift */; };
		48E6BD051A3A5D2F00F3A983 /* Main.storyboard in Resources */ = {isa = PBXBuildFile; fileRef = 48E6BD031A3A5D2F00F3A983 /* Main.storyboard */; };
		48E6BD071A3A5D2F00F3A983 /* Images.xcassets in Resources */ = {isa = PBXBuildFile; fileRef = 48E6BD061A3A5D2F00F3A983 /* Images.xcassets */; };
		48E6BD0A1A3A5D2F00F3A983 /* LaunchScreen.xib in Resources */ = {isa = PBXBuildFile; fileRef = 48E6BD081A3A5D2F00F3A983 /* LaunchScreen.xib */; };
		48E6BD161A3A5D2F00F3A983 /* NetworkDemoTests.swift in Sources */ = {isa = PBXBuildFile; fileRef = 48E6BD151A3A5D2F00F3A983 /* NetworkDemoTests.swift */; };
/* End PBXBuildFile section */

/* Begin PBXContainerItemProxy section */
		48E6BD101A3A5D2F00F3A983 /* PBXContainerItemProxy */ = {
			isa = PBXContainerItemProxy;
			containerPortal = 48E6BCF21A3A5D2F00F3A983 /* Project object */;
			proxyType = 1;
			remoteGlobalIDString = 48E6BCF91A3A5D2F00F3A983;
			remoteInfo = NetworkDemo;
		};
/* End PBXContainerItemProxy section */

/* Begin PBXFileReference section */
		48E6BCFA1A3A5D2F00F3A983 /* NetworkDemo.app */ = {isa = PBXFileReference; explicitFileType = wrapper.application; includeInIndex = 0; path = NetworkDemo.app; sourceTree = BUILT_PRODUCTS_DIR; };
		48E6BCFE1A3A5D2F00F3A983 /* Info.plist */ = {isa = PBXFileReference; lastKnownFileType = text.plist.xml; path = Info.plist; sourceTree = "<group>"; };
		48E6BCFF1A3A5D2F00F3A983 /* AppDelegate.swift */ = {isa = PBXFileReference; lastKnownFileType = sourcecode.swift; path = AppDelegate.swift; sourceTree = "<group>"; };
		48E6BD011A3A5D2F00F3A983 /* ViewController.swift */ = {isa = PBXFileReference; lastKnownFileType = sourcecode.swift; path = ViewController.swift; sourceTree = "<group>"; };
		48E6BD041A3A5D2F00F3A983 /* Base */ = {isa = PBXFileReference; lastKnownFileType = file.storyboard; name = Base; path = Base.lproj/Main.storyboard; sourceTree = "<group>"; };
		48E6BD061A3A5D2F00F3A983 /* Images.xcassets */ = {isa = PBXFileReference; lastKnownFileType = folder.assetcatalog; path = Images.xcassets; sourceTree = "<group>"; };
		48E6BD091A3A5D2F00F3A983 /* Base */ = {isa = PBXFileReference; lastKnownFileType = file.xib; name = Base; path = Base.lproj/LaunchScreen.xib; sourceTree = "<group>"; };
		48E6BD0F1A3A5D2F00F3A983 /* NetworkDemoTests.xctest */ = {isa = PBXFileReference; explicitFileType = wrapper.cfbundle; includeInIndex = 0; path = NetworkDemoTests.xctest; sourceTree = BUILT_PRODUCTS_DIR; };
		48E6BD141A3A5D2F00F3A983 /* Info.plist */ = {isa = PBXFileReference; lastKnownFileType = text.plist.xml; path = Info.plist; sourceTree = "<group>"; };
		48E6BD151A3A5D2F00F3A983 /* NetworkDemoTests.swift */ = {isa = PBXFileReference; lastKnownFileType = sourcecode.swift; path = NetworkDemoTests.swift; sourceTree = "<group>"; };
/* End PBXFileReference section */

/* Begin PBXFrameworksBuildPhase section */
		48E6BCF71A3A5D2F00F3A983 /* Frameworks */ = {
			isa = PBXFrameworksBuildPhase;
			buildActionMask = 2147483647;
			files = (
			);
			runOnlyForDeploymentPostprocessing = 0;
		};
		48E6BD0C1A3A5D2F00F3A983 /* Frameworks */ = {
			isa = PBXFrameworksBuildPhase;
			buildActionMask = 2147483647;
			files = (
			);
			runOnlyForDeploymentPostprocessing = 0;
		};
/* End PBXFrameworksBuildPhase section */

/* Begin PBXGroup section */
		48E6BCF11A3A5D2F00F3A983 = {
			isa = PBXGroup;
			children = (
				48E6BCFC1A3A5D2F00F3A983 /* NetworkDemo */,
				48E6BD121A3A5D2F00F3A983 /* NetworkDemoTests */,
				48E6BCFB1A3A5D2F00F3A983 /* Products */,
			);
			sourceTree = "<group>";
		};
		48E6BCFB1A3A5D2F00F3A983 /* Products */ = {
			isa = PBXGroup;
			children = (
				48E6BCFA1A3A5D2F00F3A983 /* NetworkDemo.app */,
				48E6BD0F1A3A5D2F00F3A983 /* NetworkDemoTests.xctest */,
			);
			name = Products;
			sourceTree = "<group>";
		};
		48E6BCFC1A3A5D2F00F3A983 /* NetworkDemo */ = {
			isa = PBXGroup;
			children = (
				48E6BCFF1A3A5D2F00F3A983 /* AppDelegate.swift */,
				48E6BD011A3A5D2F00F3A983 /* ViewController.swift */,
				48E6BD031A3A5D2F00F3A983 /* Main.storyboard */,
				48E6BD061A3A5D2F00F3A983 /* Images.xcassets */,
				48E6BD081A3A5D2F00F3A983 /* LaunchScreen.xib */,
				48E6BCFD1A3A5D2F00F3A983 /* Supporting Files */,
			);
			path = NetworkDemo;
			sourceTree = "<group>";
		};
		48E6BCFD1A3A5D2F00F3A983 /* Supporting Files */ = {
			isa = PBXGroup;
			children = (
				48E6BCFE1A3A5D2F00F3A983 /* Info.plist */,
			);
			name = "Supporting Files";
			sourceTree = "<group>";
		};
		48E6BD121A3A5D2F00F3A983 /* NetworkDemoTests */ = {
			isa = PBXGroup;
			children = (
				48E6BD151A3A5D2F00F3A983 /* NetworkDemoTests.swift */,
				48E6BD131A3A5D2F00F3A983 /* Supporting Files */,
			);
			path = NetworkDemoTests;
			sourceTree = "<group>";
		};
		48E6BD131A3A5D2F00F3A983 /* Supporting Files */ = {
			isa = PBXGroup;
			children = (
				48E6BD141A3A5D2F00F3A983 /* Info.plist */,
			);
			name = "Supporting Files";
			sourceTree = "<group>";
		};
/* End PBXGroup section */

/* Begin PBXNativeTarget section */
		48E6BCF91A3A5D2F00F3A983 /* NetworkDemo */ = {
			isa = PBXNativeTarget;
			buildConfigurationList = 48E6BD191A3A5D2F00F3A983 /* Build configuration list for PBXNativeTarget "NetworkDemo" */;
			buildPhases = (
				48E6BCF61A3A5D2F00F3A983 /* Sources */,
				48E6BCF71A3A5D2F00F3A983 /* Frameworks */,
				48E6BCF81A3A5D2F00F3A983 /* Resources */,
			);
			buildRules = (
			);
			dependencies = (
			);
			name = NetworkDemo;
			productName = NetworkDemo;
			productReference = 48E6BCFA1A3A5D2F00F3A983 /* NetworkDemo.app */;
			productType = "com.apple.product-type.application";
		};
		48E6BD0E1A3A5D2F00F3A983 /* NetworkDemoTests */ = {
			isa = PBXNativeTarget;
			buildConfigurationList = 48E6BD1C1A3A5D2F00F3A983 /* Build configuration list for PBXNativeTarget "NetworkDemoTests" */;
			buildPhases = (
				48E6BD0B1A3A5D2F00F3A983 /* Sources */,
				48E6BD0C1A3A5D2F00F3A983 /* Frameworks */,
				48E6BD0D1A3A5D2F00F3A983 /* Resources */,
			);
			buildRules = (
			);
			dependencies = (
				48E6BD111A3A5D2F00F3A983 /* PBXTargetDependency */,
			);
			name = NetworkDemoTests;
			productName = NetworkDemoTests;
			productReference = 48E6BD0F1A3A5D2F00F3A983 /* NetworkDemoTests.xctest */;
			productType = "com.apple.product-type.bundle.unit-test";
		};
/* End PBXNativeTarget section */

/* Begin PBXProject section */
		48E6BCF21A3A5D2F00F3A983 /* Project object */ = {
			isa = PBXProject;
			attributes = {
				LastUpgradeCheck = 0610;
				ORGANIZATIONNAME = "Jiri Dutkevic";
				TargetAttributes = {
					48E6BCF91A3A5D2F00F3A983 = {
						CreatedOnToolsVersion = 6.1.1;
					};
					48E6BD0E1A3A5D2F00F3A983 = {
						CreatedOnToolsVersion = 6.1.1;
						TestTargetID = 48E6BCF91A3A5D2F00F3A983;
					};
				};
			};
			buildConfigurationList = 48E6BCF51A3A5D2F00F3A983 /* Build configuration list for PBXProject "NetworkDemo" */;
			compatibilityVersion = "Xcode 3.2";
			developmentRegion = English;
			hasScannedForEncodings = 0;
			knownRegions = (
				en,
				Base,
			);
			mainGroup = 48E6BCF11A3A5D2F00F3A983;
			productRefGroup = 48E6BCFB1A3A5D2F00F3A983 /* Products */;
			projectDirPath = "";
			projectRoot = "";
			targets = (
				48E6BCF91A3A5D2F00F3A983 /* NetworkDemo */,
				48E6BD0E1A3A5D2F00F3A983 /* NetworkDemoTests */,
			);
		};
/* End PBXProject section */

/* Begin PBXResourcesBuildPhase section */
		48E6BCF81A3A5D2F00F3A983 /* Resources */ = {
			isa = PBXResourcesBuildPhase;
			buildActionMask = 2147483647;
			files = (
				48E6BD051A3A5D2F00F3A983 /* Main.storyboard in Resources */,
				48E6BD0A1A3A5D2F00F3A983 /* LaunchScreen.xib in Resources */,
				48E6BD071A3A5D2F00F3A983 /* Images.xcassets in Resources */,
			);
			runOnlyForDeploymentPostprocessing = 0;
		};
		48E6BD0D1A3A5D2F00F3A983 /* Resources */ = {
			isa = PBXResourcesBuildPhase;
			buildActionMask = 2147483647;
			files = (
			);
			runOnlyForDeploymentPostprocessing = 0;
		};
/* End PBXResourcesBuildPhase section */

/* Begin PBXSourcesBuildPhase section */
		48E6BCF61A3A5D2F00F3A983 /* Sources */ = {
			isa = PBXSourcesBuildPhase;
			buildActionMask = 2147483647;
			files = (
				48E6BD021A3A5D2F00F3A983 /* ViewController.swift in Sources */,
				48E6BD001A3A5D2F00F3A983 /* AppDelegate.swift in Sources */,
			);
			runOnlyForDeploymentPostprocessing = 0;
		};
		48E6BD0B1A3A5D2F00F3A983 /* Sources */ = {
			isa = PBXSourcesBuildPhase;
			buildActionMask = 2147483647;
			files = (
				48E6BD161A3A5D2F00F3A983 /* NetworkDemoTests.swift in Sources */,
			);
			runOnlyForDeploymentPostprocessing = 0;
		};
/* End PBXSourcesBuildPhase section */

/* Begin PBXTargetDependency section */
		48E6BD111A3A5D2F00F3A983 /* PBXTargetDependency */ = {
			isa = PBXTargetDependency;
			target = 48E6BCF91A3A5D2F00F3A983 /* NetworkDemo */;
			targetProxy = 48E6BD101A3A5D2F00F3A983 /* PBXContainerItemProxy */;
		};
/* End PBXTargetDependency section */

/* Begin PBXVariantGroup section */
		48E6BD031A3A5D2F00F3A983 /* Main.storyboard */ = {
			isa = PBXVariantGroup;
			children = (
				48E6BD041A3A5D2F00F3A983 /* Base */,
			);
			name = Main.storyboard;
			sourceTree = "<group>";
		};
		48E6BD081A3A5D2F00F3A983 /* LaunchScreen.xib */ = {
			isa = PBXVariantGroup;
			children = (
				48E6BD091A3A5D2F00F3A983 /* Base */,
			);
			name = LaunchScreen.xib;
			sourceTree = "<group>";
		};
/* End PBXVariantGroup section */

/* Begin XCBuildConfiguration section */
		48E6BD171A3A5D2F00F3A983 /* Debug */ = {
			isa = XCBuildConfiguration;
			buildSettings = {
				ALWAYS_SEARCH_USER_PATHS = NO;
				CLANG_CXX_LANGUAGE_STANDARD = "gnu++0x";
				CLANG_CXX_LIBRARY = "libc++";
				CLANG_ENABLE_MODULES = YES;
				CLANG_ENABLE_OBJC_ARC = YES;
				CLANG_WARN_BOOL_CONVERSION = YES;
				CLANG_WARN_CONSTANT_CONVERSION = YES;
				CLANG_WARN_DIRECT_OBJC_ISA_USAGE = YES_ERROR;
				CLANG_WARN_EMPTY_BODY = YES;
				CLANG_WARN_ENUM_CONVERSION = YES;
				CLANG_WARN_INT_CONVERSION = YES;
				CLANG_WARN_OBJC_ROOT_CLASS = YES_ERROR;
				CLANG_WARN_UNREACHABLE_CODE = YES;
				CLANG_WARN__DUPLICATE_METHOD_MATCH = YES;
				"CODE_SIGN_IDENTITY[sdk=iphoneos*]" = "iPhone Developer";
				COPY_PHASE_STRIP = NO;
				ENABLE_STRICT_OBJC_MSGSEND = YES;
				GCC_C_LANGUAGE_STANDARD = gnu99;
				GCC_DYNAMIC_NO_PIC = NO;
				GCC_OPTIMIZATION_LEVEL = 0;
				GCC_PREPROCESSOR_DEFINITIONS = (
					"DEBUG=1",
					"$(inherited)",
				);
				GCC_SYMBOLS_PRIVATE_EXTERN = NO;
				GCC_WARN_64_TO_32_BIT_CONVERSION = YES;
				GCC_WARN_ABOUT_RETURN_TYPE = YES_ERROR;
				GCC_WARN_UNDECLARED_SELECTOR = YES;
				GCC_WARN_UNINITIALIZED_AUTOS = YES_AGGRESSIVE;
				GCC_WARN_UNUSED_FUNCTION = YES;
				GCC_WARN_UNUSED_VARIABLE = YES;
				IPHONEOS_DEPLOYMENT_TARGET = 8.1;
				MTL_ENABLE_DEBUG_INFO = YES;
				ONLY_ACTIVE_ARCH = YES;
				SDKROOT = iphoneos;
				SWIFT_OPTIMIZATION_LEVEL = "-Onone";
				TARGETED_DEVICE_FAMILY = "1,2";
			};
			name = Debug;
		};
		48E6BD181A3A5D2F00F3A983 /* Release */ = {
			isa = XCBuildConfiguration;
			buildSettings = {
				ALWAYS_SEARCH_USER_PATHS = NO;
				CLANG_CXX_LANGUAGE_STANDARD = "gnu++0x";
				CLANG_CXX_LIBRARY = "libc++";
				CLANG_ENABLE_MODULES = YES;
				CLANG_ENABLE_OBJC_ARC = YES;
				CLANG_WARN_BOOL_CONVERSION = YES;
				CLANG_WARN_CONSTANT_CONVERSION = YES;
				CLANG_WARN_DIRECT_OBJC_ISA_USAGE = YES_ERROR;
				CLANG_WARN_EMPTY_BODY = YES;
				CLANG_WARN_ENUM_CONVERSION = YES;
				CLANG_WARN_INT_CONVERSION = YES;
				CLANG_WARN_OBJC_ROOT_CLASS = YES_ERROR;
				CLANG_WARN_UNREACHABLE_CODE = YES;
				CLANG_WARN__DUPLICATE_METHOD_MATCH = YES;
				"CODE_SIGN_IDENTITY[sdk=iphoneos*]" = "iPhone Developer";
				COPY_PHASE_STRIP = YES;
				ENABLE_NS_ASSERTIONS = NO;
				ENABLE_STRICT_OBJC_MSGSEND = YES;
				GCC_C_LANGUAGE_STANDARD = gnu99;
				GCC_WARN_64_TO_32_BIT_CONVERSION = YES;
				GCC_WARN_ABOUT_RETURN_TYPE = YES_ERROR;
				GCC_WARN_UNDECLARED_SELECTOR = YES;
				GCC_WARN_UNINITIALIZED_AUTOS = YES_AGGRESSIVE;
				GCC_WARN_UNUSED_FUNCTION = YES;
				GCC_WARN_UNUSED_VARIABLE = YES;
				IPHONEOS_DEPLOYMENT_TARGET = 8.1;
				MTL_ENABLE_DEBUG_INFO = NO;
				SDKROOT = iphoneos;
				TARGETED_DEVICE_FAMILY = "1,2";
				VALIDATE_PRODUCT = YES;
			};
			name = Release;
		};
		48E6BD1A1A3A5D2F00F3A983 /* Debug */ = {
			isa = XCBuildConfiguration;
			buildSettings = {
				ASSETCATALOG_COMPILER_APPICON_NAME = AppIcon;
				INFOPLIST_FILE = NetworkDemo/Info.plist;
				LD_RUNPATH_SEARCH_PATHS = "$(inherited) @executable_path/Frameworks";
				PRODUCT_NAME = "$(TARGET_NAME)";
			};
			name = Debug;
		};
		48E6BD1B1A3A5D2F00F3A983 /* Release */ = {
			isa = XCBuildConfiguration;
			buildSettings = {
				ASSETCATALOG_COMPILER_APPICON_NAME = AppIcon;
				INFOPLIST_FILE = NetworkDemo/Info.plist;
				LD_RUNPATH_SEARCH_PATHS = "$(inherited) @executable_path/Frameworks";
				PRODUCT_NAME = "$(TARGET_NAME)";
			};
			name = Release;
		};
		48E6BD1D1A3A5D2F00F3A983 /* Debug */ = {
			isa = XCBuildConfiguration;
			buildSettings = {
				BUNDLE_LOADER = "$(TEST_HOST)";
				FRAMEWORK_SEARCH_PATHS = (
					"$(SDKROOT)/Developer/Library/Frameworks",
					"$(inherited)",
				);
				GCC_PREPROCESSOR_DEFINITIONS = (
					"DEBUG=1",
					"$(inherited)",
				);
				INFOPLIST_FILE = NetworkDemoTests/Info.plist;
				LD_RUNPATH_SEARCH_PATHS = "$(inherited) @executable_path/Frameworks @loader_path/Frameworks";
				PRODUCT_NAME = "$(TARGET_NAME)";
				TEST_HOST = "$(BUILT_PRODUCTS_DIR)/NetworkDemo.app/NetworkDemo";
			};
			name = Debug;
		};
		48E6BD1E1A3A5D2F00F3A983 /* Release */ = {
			isa = XCBuildConfiguration;
			buildSettings = {
				BUNDLE_LOADER = "$(TEST_HOST)";
				FRAMEWORK_SEARCH_PATHS = (
					"$(SDKROOT)/Developer/Library/Frameworks",
					"$(inherited)",
				);
				INFOPLIST_FILE = NetworkDemoTests/Info.plist;
				LD_RUNPATH_SEARCH_PATHS = "$(inherited) @executable_path/Frameworks @loader_path/Frameworks";
				PRODUCT_NAME = "$(TARGET_NAME)";
				TEST_HOST = "$(BUILT_PRODUCTS_DIR)/NetworkDemo.app/NetworkDemo";
			};
			name = Release;
		};
/* End XCBuildConfiguration section */

/* Begin XCConfigurationList section */
		48E6BCF51A3A5D2F00F3A983 /* Build configuration list for PBXProject "NetworkDemo" */ = {
			isa = XCConfigurationList;
			buildConfigurations = (
				48E6BD171A3A5D2F00F3A983 /* Debug */,
				48E6BD181A3A5D2F00F3A983 /* Release */,
			);
			defaultConfigurationIsVisible = 0;
			defaultConfigurationName = Release;
		};
		48E6BD191A3A5D2F00F3A983 /* Build configuration list for PBXNativeTarget "NetworkDemo" */ = {
			isa = XCConfigurationList;
			buildConfigurations = (
				48E6BD1A1A3A5D2F00F3A983 /* Debug */,
				48E6BD1B1A3A5D2F00F3A983 /* Release */,
			);
			defaultConfigurationIsVisible = 0;
		};
		48E6BD1C1A3A5D2F00F3A983 /* Build configuration list for PBXNativeTarget "NetworkDemoTests" */ = {
			isa = XCConfigurationList;
			buildConfigurations = (
				48E6BD1D1A3A5D2F00F3A983 /* Debug */,
				48E6BD1E1A3A5D2F00F3A983 /* Release */,
			);
			defaultConfigurationIsVisible = 0;
		};
/* End XCConfigurationList section */
	};
	rootObject = 48E6BCF21A3A5D2F00F3A983 /* Project object */;
}
